{
  "name": "zilliz-presentations",
  "lockfileVersion": 3,
  "requires": true,
  "packages": {
    "": {
      "name": "zilliz-presentations",
      "dependencies": {
        "@hpcc-js/wasm-graphviz": "^1.21.5",
        "marked": "^14.0.0"
      }
    },
    "node_modules/@hpcc-js/wasm-graphviz": {
      "version": "1.21.5",
      "resolved": "https://registry.npmjs.org/@hpcc-js/wasm-graphviz/-/wasm-graphviz-1.21.5.tgz",
      "integrity": "sha512-rgFx1A5gd1BdMrLkrKg44cdOjTvEQVWODf1PDTwgiKDfmJioD+tyoMBvmEJdH6OC7rh1JaeqFJ2+r92F1Ip/sA==",
      "license": "Apache-2.0"
    },
    "node_modules/marked": {
      "version": "14.1.4",
      "resolved": "https://registry.npmjs.org/marked/-/marked-14.1.4.tgz",
      "integrity": "sha512-vkVZ8ONmUdPnjCKc5uTRvmkRbx4EAi2OkTOXmfTDhZz3OFqMNBM1oTTWwTr4HY4uAEojhzPf+Fy8F1DWa3Sndg==",
      "license": "MIT",
      "bin": {
        "marked": "bin/marked.js"
      },
      "engines": {
        "node": ">= 18"
      }
    }
  }
}
